// !$*UTF8*$!
{
	archiveVersion = 1;
	classes = {
	};
	objectVersion = 50;
	objects = {

/* Begin PBXBuildFile section */
		BA2376CF24C1C0DC00949DAF /* AppDelegate.swift in Sources */ = {isa = PBXBuildFile; fileRef = BA2376CE24C1C0DC00949DAF /* AppDelegate.swift */; };
		BA2376D124C1C0DC00949DAF /* SceneDelegate.swift in Sources */ = {isa = PBXBuildFile; fileRef = BA2376D024C1C0DC00949DAF /* SceneDelegate.swift */; };
		BA2376D324C1C0DC00949DAF /* ViewController.swift in Sources */ = {isa = PBXBuildFile; fileRef = BA2376D224C1C0DC00949DAF /* ViewController.swift */; };
		BA2376D624C1C0DC00949DAF /* Main.storyboard in Resources */ = {isa = PBXBuildFile; fileRef = BA2376D424C1C0DC00949DAF /* Main.storyboard */; };
		BA2376D824C1C0DF00949DAF /* Assets.xcassets in Resources */ = {isa = PBXBuildFile; fileRef = BA2376D724C1C0DF00949DAF /* Assets.xcassets */; };
		BA2376DB24C1C0DF00949DAF /* LaunchScreen.storyboard in Resources */ = {isa = PBXBuildFile; fileRef = BA2376D924C1C0DF00949DAF /* LaunchScreen.storyboard */; };
/* End PBXBuildFile section */

/* Begin PBXFileReference section */
		BA2376CB24C1C0DC00949DAF /* Project15(Animation).app */ = {isa = PBXFileReference; explicitFileType = wrapper.application; includeInIndex = 0; path = "Project15(Animation).app"; sourceTree = BUILT_PRODUCTS_DIR; };
		BA2376CE24C1C0DC00949DAF /* AppDelegate.swift */ = {isa = PBXFileReference; lastKnownFileType = sourcecode.swift; path = AppDelegate.swift; sourceTree = "<group>"; };
		BA2376D024C1C0DC00949DAF /* SceneDelegate.swift */ = {isa = PBXFileReference; lastKnownFileType = sourcecode.swift; path = SceneDelegate.swift; sourceTree = "<group>"; };
		BA2376D224C1C0DC00949DAF /* ViewController.swift */ = {isa = PBXFileReference; lastKnownFileType = sourcecode.swift; path = ViewController.swift; sourceTree = "<group>"; };
		BA2376D524C1C0DC00949DAF /* Base */ = {isa = PBXFileReference; lastKnownFileType = file.storyboard; name = Base; path = Base.lproj/Main.storyboard; sourceTree = "<group>"; };
		BA2376D724C1C0DF00949DAF /* Assets.xcassets */ = {isa = PBXFileReference; lastKnownFileType = folder.assetcatalog; path = Assets.xcassets; sourceTree = "<group>"; };
		BA2376DA24C1C0DF00949DAF /* Base */ = {isa = PBXFileReference; lastKnownFileType = file.storyboard; name = Base; path = Base.lproj/LaunchScreen.storyboard; sourceTree = "<group>"; };
		BA2376DC24C1C0DF00949DAF /* Info.plist */ = {isa = PBXFileReference; lastKnownFileType = text.plist.xml; path = Info.plist; sourceTree = "<group>"; };
/* End PBXFileReference section */

/* Begin PBXFrameworksBuildPhase section */
		BA2376C824C1C0DC00949DAF /* Frameworks */ = {
			isa = PBXFrameworksBuildPhase;
			buildActionMask = 2147483647;
			files = (
			);
			runOnlyForDeploymentPostprocessing = 0;
		};
/* End PBXFrameworksBuildPhase section */

/* Begin PBXGroup section */
		BA2376C224C1C0DC00949DAF = {
			isa = PBXGroup;
			children = (
				BA2376CD24C1C0DC00949DAF /* Project15(Animation) */,
				BA2376CC24C1C0DC00949DAF /* Products */,
			);
			sourceTree = "<group>";
		};
		BA2376CC24C1C0DC00949DAF /* Products */ = {
			isa = PBXGroup;
			children = (
				BA2376CB24C1C0DC00949DAF /* Project15(Animation).app */,
			);
			name = Products;
			sourceTree = "<group>";
		};
		BA2376CD24C1C0DC00949DAF /* Project15(Animation) */ = {
			isa = PBXGroup;
			children = (
				BA2376CE24C1C0DC00949DAF /* AppDelegate.swift */,
				BA2376D024C1C0DC00949DAF /* SceneDelegate.swift */,
				BA2376D224C1C0DC00949DAF /* ViewController.swift */,
				BA2376D424C1C0DC00949DAF /* Main.storyboard */,
				BA2376D724C1C0DF00949DAF /* Assets.xcassets */,
				BA2376D924C1C0DF00949DAF /* LaunchScreen.storyboard */,
				BA2376DC24C1C0DF00949DAF /* Info.plist */,
			);
			path = "Project15(Animation)";
			sourceTree = "<group>";
		};
/* End PBXGroup section */

/* Begin PBXNativeTarget section */
		BA2376CA24C1C0DC00949DAF /* Project15(Animation) */ = {
			isa = PBXNativeTarget;
			buildConfigurationList = BA2376DF24C1C0DF00949DAF /* Build configuration list for PBXNativeTarget "Project15(Animation)" */;
			buildPhases = (
				BA2376C724C1C0DC00949DAF /* Sources */,
				BA2376C824C1C0DC00949DAF /* Frameworks */,
				BA2376C924C1C0DC00949DAF /* Resources */,
			);
			buildRules = (
			);
			dependencies = (
			);
			name = "Project15(Animation)";
			productName = "Project15(Animation)";
			productReference = BA2376CB24C1C0DC00949DAF /* Project15(Animation).app */;
			productType = "com.apple.product-type.application";
		};
/* End PBXNativeTarget section */

/* Begin PBXProject section */
		BA2376C324C1C0DC00949DAF /* Project object */ = {
			isa = PBXProject;
			attributes = {
				LastSwiftUpdateCheck = 1160;
				LastUpgradeCheck = 1160;
				ORGANIZATIONNAME = "Emily Widjaja";
				TargetAttributes = {
					BA2376CA24C1C0DC00949DAF = {
						CreatedOnToolsVersion = 11.6;
					};
				};
			};
			buildConfigurationList = BA2376C624C1C0DC00949DAF /* Build configuration list for PBXProject "Project15(Animation)" */;
			compatibilityVersion = "Xcode 9.3";
			developmentRegion = en;
			hasScannedForEncodings = 0;
			knownRegions = (
				en,
				Base,
			);
			mainGroup = BA2376C224C1C0DC00949DAF;
			productRefGroup = BA2376CC24C1C0DC00949DAF /* Products */;
			projectDirPath = "";
			projectRoot = "";
			targets = (
				BA2376CA24C1C0DC00949DAF /* Project15(Animation) */,
			);
		};
/* End PBXProject section */

/* Begin PBXResourcesBuildPhase section */
		BA2376C924C1C0DC00949DAF /* Resources */ = {
			isa = PBXResourcesBuildPhase;
			buildActionMask = 2147483647;
			files = (
				BA2376DB24C1C0DF00949DAF /* LaunchScreen.storyboard in Resources */,
				BA2376D824C1C0DF00949DAF /* Assets.xcassets in Resources */,
				BA2376D624C1C0DC00949DAF /* Main.storyboard in Resources */,
			);
			runOnlyForDeploymentPostprocessing = 0;
		};
/* End PBXResourcesBuildPhase section */

/* Begin PBXSourcesBuildPhase section */
		BA2376C724C1C0DC00949DAF /* Sources */ = {
			isa = PBXSourcesBuildPhase;
			buildActionMask = 2147483647;
			files = (
				BA2376D324C1C0DC00949DAF /* ViewController.swift in Sources */,
				BA2376CF24C1C0DC00949DAF /* AppDelegate.swift in Sources */,
				BA2376D124C1C0DC00949DAF /* SceneDelegate.swift in Sources */,
			);
			runOnlyForDeploymentPostprocessing = 0;
		};
/* End PBXSourcesBuildPhase section */

/* Begin PBXVariantGroup section */
		BA2376D424C1C0DC00949DAF /* Main.storyboard */ = {
			isa = PBXVariantGroup;
			children = (
				BA2376D524C1C0DC00949DAF /* Base */,
			);
			name = Main.storyboard;
			sourceTree = "<group>";
		};
		BA2376D924C1C0DF00949DAF /* LaunchScreen.storyboard */ = {
			isa = PBXVariantGroup;
			children = (
				BA2376DA24C1C0DF00949DAF /* Base */,
			);
			name = LaunchScreen.storyboard;
			sourceTree = "<group>";
		};
/* End PBXVariantGroup section */

/* Begin XCBuildConfiguration section */
		BA2376DD24C1C0DF00949DAF /* Debug */ = {
			isa = XCBuildConfiguration;
			buildSettings = {
				ALWAYS_SEARCH_USER_PATHS = NO;
				CLANG_ANALYZER_NONNULL = YES;
				CLANG_ANALYZER_NUMBER_OBJECT_CONVERSION = YES_AGGRESSIVE;
				CLANG_CXX_LANGUAGE_STANDARD = "gnu++14";
				CLANG_CXX_LIBRARY = "libc++";
				CLANG_ENABLE_MODULES = YES;
				CLANG_ENABLE_OBJC_ARC = YES;
				CLANG_ENABLE_OBJC_WEAK = YES;
				CLANG_WARN_BLOCK_CAPTURE_AUTORELEASING = YES;
				CLANG_WARN_BOOL_CONVERSION = YES;
				CLANG_WARN_COMMA = YES;
				CLANG_WARN_CONSTANT_CONVERSION = YES;
				CLANG_WARN_DEPRECATED_OBJC_IMPLEMENTATIONS = YES;
				CLANG_WARN_DIRECT_OBJC_ISA_USAGE = YES_ERROR;
				CLANG_WARN_DOCUMENTATION_COMMENTS = YES;
				CLANG_WARN_EMPTY_BODY = YES;
				CLANG_WARN_ENUM_CONVERSION = YES;
				CLANG_WARN_INFINITE_RECURSION = YES;
				CLANG_WARN_INT_CONVERSION = YES;
				CLANG_WARN_NON_LITERAL_NULL_CONVERSION = YES;
				CLANG_WARN_OBJC_IMPLICIT_RETAIN_SELF = YES;
				CLANG_WARN_OBJC_LITERAL_CONVERSION = YES;
				CLANG_WARN_OBJC_ROOT_CLASS = YES_ERROR;
				CLANG_WARN_RANGE_LOOP_ANALYSIS = YES;
				CLANG_WARN_STRICT_PROTOTYPES = YES;
				CLANG_WARN_SUSPICIOUS_MOVE = YES;
				CLANG_WARN_UNGUARDED_AVAILABILITY = YES_AGGRESSIVE;
				CLANG_WARN_UNREACHABLE_CODE = YES;
				CLANG_WARN__DUPLICATE_METHOD_MATCH = YES;
				COPY_PHASE_STRIP = NO;
				DEBUG_INFORMATION_FORMAT = dwarf;
				ENABLE_STRICT_OBJC_MSGSEND = YES;
				ENABLE_TESTABILITY = YES;
				GCC_C_LANGUAGE_STANDARD = gnu11;
				GCC_DYNAMIC_NO_PIC = NO;
				GCC_NO_COMMON_BLOCKS = YES;
				GCC_OPTIMIZATION_LEVEL = 0;
				GCC_PREPROCESSOR_DEFINITIONS = (
					"DEBUG=1",
					"$(inherited)",
				);
				GCC_WARN_64_TO_32_BIT_CONVERSION = YES;
				GCC_WARN_ABOUT_RETURN_TYPE = YES_ERROR;
				GCC_WARN_UNDECLARED_SELECTOR = YES;
				GCC_WARN_UNINITIALIZED_AUTOS = YES_AGGRESSIVE;
				GCC_WARN_UNUSED_FUNCTION = YES;
				GCC_WARN_UNUSED_VARIABLE = YES;
				IPHONEOS_DEPLOYMENT_TARGET = 13.6;
				MTL_ENABLE_DEBUG_INFO = INCLUDE_SOURCE;
				MTL_FAST_MATH = YES;
				ONLY_ACTIVE_ARCH = YES;
				SDKROOT = iphoneos;
				SWIFT_ACTIVE_COMPILATION_CONDITIONS = DEBUG;
				SWIFT_OPTIMIZATION_LEVEL = "-Onone";
			};
			name = Debug;
		};
		BA2376DE24C1C0DF00949DAF /* Release */ = {
			isa = XCBuildConfiguration;
			buildSettings = {
				ALWAYS_SEARCH_USER_PATHS = NO;
				CLANG_ANALYZER_NONNULL = YES;
				CLANG_ANALYZER_NUMBER_OBJECT_CONVERSION = YES_AGGRESSIVE;
				CLANG_CXX_LANGUAGE_STANDARD = "gnu++14";
				CLANG_CXX_LIBRARY = "libc++";
				CLANG_ENABLE_MODULES = YES;
				CLANG_ENABLE_OBJC_ARC = YES;
				CLANG_ENABLE_OBJC_WEAK = YES;
				CLANG_WARN_BLOCK_CAPTURE_AUTORELEASING = YES;
				CLANG_WARN_BOOL_CONVERSION = YES;
				CLANG_WARN_COMMA = YES;
				CLANG_WARN_CONSTANT_CONVERSION = YES;
				CLANG_WARN_DEPRECATED_OBJC_IMPLEMENTATIONS = YES;
				CLANG_WARN_DIRECT_OBJC_ISA_USAGE = YES_ERROR;
				CLANG_WARN_DOCUMENTATION_COMMENTS = YES;
				CLANG_WARN_EMPTY_BODY = YES;
				CLANG_WARN_ENUM_CONVERSION = YES;
				CLANG_WARN_INFINITE_RECURSION = YES;
				CLANG_WARN_INT_CONVERSION = YES;
				CLANG_WARN_NON_LITERAL_NULL_CONVERSION = YES;
				CLANG_WARN_OBJC_IMPLICIT_RETAIN_SELF = YES;
				CLANG_WARN_OBJC_LITERAL_CONVERSION = YES;
				CLANG_WARN_OBJC_ROOT_CLASS = YES_ERROR;
				CLANG_WARN_RANGE_LOOP_ANALYSIS = YES;
				CLANG_WARN_STRICT_PROTOTYPES = YES;
				CLANG_WARN_SUSPICIOUS_MOVE = YES;
				CLANG_WARN_UNGUARDED_AVAILABILITY = YES_AGGRESSIVE;
				CLANG_WARN_UNREACHABLE_CODE = YES;
				CLANG_WARN__DUPLICATE_METHOD_MATCH = YES;
				COPY_PHASE_STRIP = NO;
				DEBUG_INFORMATION_FORMAT = "dwarf-with-dsym";
				ENABLE_NS_ASSERTIONS = NO;
				ENABLE_STRICT_OBJC_MSGSEND = YES;
				GCC_C_LANGUAGE_STANDARD = gnu11;
				GCC_NO_COMMON_BLOCKS = YES;
				GCC_WARN_64_TO_32_BIT_CONVERSION = YES;
				GCC_WARN_ABOUT_RETURN_TYPE = YES_ERROR;
				GCC_WARN_UNDECLARED_SELECTOR = YES;
				GCC_WARN_UNINITIALIZED_AUTOS = YES_AGGRESSIVE;
				GCC_WARN_UNUSED_FUNCTION = YES;
				GCC_WARN_UNUSED_VARIABLE = YES;
				IPHONEOS_DEPLOYMENT_TARGET = 13.6;
				MTL_ENABLE_DEBUG_INFO = NO;
				MTL_FAST_MATH = YES;
				SDKROOT = iphoneos;
				SWIFT_COMPILATION_MODE = wholemodule;
				SWIFT_OPTIMIZATION_LEVEL = "-O";
				VALIDATE_PRODUCT = YES;
			};
			name = Release;
		};
		BA2376E024C1C0DF00949DAF /* Debug */ = {
			isa = XCBuildConfiguration;
			buildSettings = {
				ASSETCATALOG_COMPILER_APPICON_NAME = AppIcon;
				CODE_SIGN_STYLE = Automatic;
				INFOPLIST_FILE = "Project15(Animation)/Info.plist";
				LD_RUNPATH_SEARCH_PATHS = (
					"$(inherited)",
					"@executable_path/Frameworks",
				);
				PRODUCT_BUNDLE_IDENTIFIER = "com.EmsWidjaja.Project15-Animation-";
				PRODUCT_NAME = "$(TARGET_NAME)";
				SWIFT_VERSION = 5.0;
				TARGETED_DEVICE_FAMILY = 2;
			};
			name = Debug;
		};
		BA2376E124C1C0DF00949DAF /* Release */ = {
			isa = XCBuildConfiguration;
			buildSettings = {
				ASSETCATALOG_COMPILER_APPICON_NAME = AppIcon;
				CODE_SIGN_STYLE = Automatic;
				INFOPLIST_FILE = "Project15(Animation)/Info.plist";
				LD_RUNPATH_SEARCH_PATHS = (
					"$(inherited)",
					"@executable_path/Frameworks",
				);
				PRODUCT_BUNDLE_IDENTIFIER = "com.EmsWidjaja.Project15-Animation-";
				PRODUCT_NAME = "$(TARGET_NAME)";
				SWIFT_VERSION = 5.0;
				TARGETED_DEVICE_FAMILY = 2;
			};
			name = Release;
		};
/* End XCBuildConfiguration section */

/* Begin XCConfigurationList section */
		BA2376C624C1C0DC00949DAF /* Build configuration list for PBXProject "Project15(Animation)" */ = {
			isa = XCConfigurationList;
			buildConfigurations = (
				BA2376DD24C1C0DF00949DAF /* Debug */,
				BA2376DE24C1C0DF00949DAF /* Release */,
			);
			defaultConfigurationIsVisible = 0;
			defaultConfigurationName = Release;
		};
		BA2376DF24C1C0DF00949DAF /* Build configuration list for PBXNativeTarget "Project15(Animation)" */ = {
			isa = XCConfigurationList;
			buildConfigurations = (
				BA2376E024C1C0DF00949DAF /* Debug */,
				BA2376E124C1C0DF00949DAF /* Release */,
			);
			defaultConfigurationIsVisible = 0;
			defaultConfigurationName = Release;
		};
/* End XCConfigurationList section */
	};
	rootObject = BA2376C324C1C0DC00949DAF /* Project object */;
}
