// !$*UTF8*$!
{
	archiveVersion = 1;
	classes = {
	};
	objectVersion = 50;
	objects = {

/* Begin PBXBuildFile section */
		BA07E7B324BD94EA004A4001 /* AppDelegate.swift in Sources */ = {isa = PBXBuildFile; fileRef = BA07E7B224BD94EA004A4001 /* AppDelegate.swift */; };
		BA07E7B524BD94EA004A4001 /* SceneDelegate.swift in Sources */ = {isa = PBXBuildFile; fileRef = BA07E7B424BD94EA004A4001 /* SceneDelegate.swift */; };
		BA07E7B724BD94EA004A4001 /* ViewController.swift in Sources */ = {isa = PBXBuildFile; fileRef = BA07E7B624BD94EA004A4001 /* ViewController.swift */; };
		BA07E7BA24BD94EA004A4001 /* Main.storyboard in Resources */ = {isa = PBXBuildFile; fileRef = BA07E7B824BD94EA004A4001 /* Main.storyboard */; };
		BA07E7BC24BD94EC004A4001 /* Assets.xcassets in Resources */ = {isa = PBXBuildFile; fileRef = BA07E7BB24BD94EC004A4001 /* Assets.xcassets */; };
		BA07E7BF24BD94EC004A4001 /* LaunchScreen.storyboard in Resources */ = {isa = PBXBuildFile; fileRef = BA07E7BD24BD94EC004A4001 /* LaunchScreen.storyboard */; };
		BA07E7C724BD965C004A4001 /* PersonCell.swift in Sources */ = {isa = PBXBuildFile; fileRef = BA07E7C624BD965C004A4001 /* PersonCell.swift */; };
		BA07E7C924BD9CD8004A4001 /* Person.swift in Sources */ = {isa = PBXBuildFile; fileRef = BA07E7C824BD9CD8004A4001 /* Person.swift */; };
/* End PBXBuildFile section */

/* Begin PBXFileReference section */
		BA07E7AF24BD94EA004A4001 /* Project10.app */ = {isa = PBXFileReference; explicitFileType = wrapper.application; includeInIndex = 0; path = Project10.app; sourceTree = BUILT_PRODUCTS_DIR; };
		BA07E7B224BD94EA004A4001 /* AppDelegate.swift */ = {isa = PBXFileReference; lastKnownFileType = sourcecode.swift; path = AppDelegate.swift; sourceTree = "<group>"; };
		BA07E7B424BD94EA004A4001 /* SceneDelegate.swift */ = {isa = PBXFileReference; lastKnownFileType = sourcecode.swift; path = SceneDelegate.swift; sourceTree = "<group>"; };
		BA07E7B624BD94EA004A4001 /* ViewController.swift */ = {isa = PBXFileReference; lastKnownFileType = sourcecode.swift; path = ViewController.swift; sourceTree = "<group>"; };
		BA07E7B924BD94EA004A4001 /* Base */ = {isa = PBXFileReference; lastKnownFileType = file.storyboard; name = Base; path = Base.lproj/Main.storyboard; sourceTree = "<group>"; };
		BA07E7BB24BD94EC004A4001 /* Assets.xcassets */ = {isa = PBXFileReference; lastKnownFileType = folder.assetcatalog; path = Assets.xcassets; sourceTree = "<group>"; };
		BA07E7BE24BD94EC004A4001 /* Base */ = {isa = PBXFileReference; lastKnownFileType = file.storyboard; name = Base; path = Base.lproj/LaunchScreen.storyboard; sourceTree = "<group>"; };
		BA07E7C024BD94EC004A4001 /* Info.plist */ = {isa = PBXFileReference; lastKnownFileType = text.plist.xml; path = Info.plist; sourceTree = "<group>"; };
		BA07E7C624BD965C004A4001 /* PersonCell.swift */ = {isa = PBXFileReference; lastKnownFileType = sourcecode.swift; path = PersonCell.swift; sourceTree = "<group>"; };
		BA07E7C824BD9CD8004A4001 /* Person.swift */ = {isa = PBXFileReference; lastKnownFileType = sourcecode.swift; path = Person.swift; sourceTree = "<group>"; };
/* End PBXFileReference section */

/* Begin PBXFrameworksBuildPhase section */
		BA07E7AC24BD94EA004A4001 /* Frameworks */ = {
			isa = PBXFrameworksBuildPhase;
			buildActionMask = 2147483647;
			files = (
			);
			runOnlyForDeploymentPostprocessing = 0;
		};
/* End PBXFrameworksBuildPhase section */

/* Begin PBXGroup section */
		BA07E7A624BD94EA004A4001 = {
			isa = PBXGroup;
			children = (
				BA07E7B124BD94EA004A4001 /* Project10 */,
				BA07E7B024BD94EA004A4001 /* Products */,
			);
			sourceTree = "<group>";
		};
		BA07E7B024BD94EA004A4001 /* Products */ = {
			isa = PBXGroup;
			children = (
				BA07E7AF24BD94EA004A4001 /* Project10.app */,
			);
			name = Products;
			sourceTree = "<group>";
		};
		BA07E7B124BD94EA004A4001 /* Project10 */ = {
			isa = PBXGroup;
			children = (
				BA07E7B224BD94EA004A4001 /* AppDelegate.swift */,
				BA07E7B424BD94EA004A4001 /* SceneDelegate.swift */,
				BA07E7B624BD94EA004A4001 /* ViewController.swift */,
				BA07E7C824BD9CD8004A4001 /* Person.swift */,
				BA07E7C624BD965C004A4001 /* PersonCell.swift */,
				BA07E7B824BD94EA004A4001 /* Main.storyboard */,
				BA07E7BB24BD94EC004A4001 /* Assets.xcassets */,
				BA07E7BD24BD94EC004A4001 /* LaunchScreen.storyboard */,
				BA07E7C024BD94EC004A4001 /* Info.plist */,
			);
			path = Project10;
			sourceTree = "<group>";
		};
/* End PBXGroup section */

/* Begin PBXNativeTarget section */
		BA07E7AE24BD94EA004A4001 /* Project10 */ = {
			isa = PBXNativeTarget;
			buildConfigurationList = BA07E7C324BD94EC004A4001 /* Build configuration list for PBXNativeTarget "Project10" */;
			buildPhases = (
				BA07E7AB24BD94EA004A4001 /* Sources */,
				BA07E7AC24BD94EA004A4001 /* Frameworks */,
				BA07E7AD24BD94EA004A4001 /* Resources */,
			);
			buildRules = (
			);
			dependencies = (
			);
			name = Project10;
			productName = Project10;
			productReference = BA07E7AF24BD94EA004A4001 /* Project10.app */;
			productType = "com.apple.product-type.application";
		};
/* End PBXNativeTarget section */

/* Begin PBXProject section */
		BA07E7A724BD94EA004A4001 /* Project object */ = {
			isa = PBXProject;
			attributes = {
				LastSwiftUpdateCheck = 1150;
				LastUpgradeCheck = 1150;
				ORGANIZATIONNAME = "Emily Widjaja";
				TargetAttributes = {
					BA07E7AE24BD94EA004A4001 = {
						CreatedOnToolsVersion = 11.5;
					};
				};
			};
			buildConfigurationList = BA07E7AA24BD94EA004A4001 /* Build configuration list for PBXProject "Project10" */;
			compatibilityVersion = "Xcode 9.3";
			developmentRegion = en;
			hasScannedForEncodings = 0;
			knownRegions = (
				en,
				Base,
			);
			mainGroup = BA07E7A624BD94EA004A4001;
			productRefGroup = BA07E7B024BD94EA004A4001 /* Products */;
			projectDirPath = "";
			projectRoot = "";
			targets = (
				BA07E7AE24BD94EA004A4001 /* Project10 */,
			);
		};
/* End PBXProject section */

/* Begin PBXResourcesBuildPhase section */
		BA07E7AD24BD94EA004A4001 /* Resources */ = {
			isa = PBXResourcesBuildPhase;
			buildActionMask = 2147483647;
			files = (
				BA07E7BF24BD94EC004A4001 /* LaunchScreen.storyboard in Resources */,
				BA07E7BC24BD94EC004A4001 /* Assets.xcassets in Resources */,
				BA07E7BA24BD94EA004A4001 /* Main.storyboard in Resources */,
			);
			runOnlyForDeploymentPostprocessing = 0;
		};
/* End PBXResourcesBuildPhase section */

/* Begin PBXSourcesBuildPhase section */
		BA07E7AB24BD94EA004A4001 /* Sources */ = {
			isa = PBXSourcesBuildPhase;
			buildActionMask = 2147483647;
			files = (
				BA07E7C924BD9CD8004A4001 /* Person.swift in Sources */,
				BA07E7B724BD94EA004A4001 /* ViewController.swift in Sources */,
				BA07E7B324BD94EA004A4001 /* AppDelegate.swift in Sources */,
				BA07E7C724BD965C004A4001 /* PersonCell.swift in Sources */,
				BA07E7B524BD94EA004A4001 /* SceneDelegate.swift in Sources */,
			);
			runOnlyForDeploymentPostprocessing = 0;
		};
/* End PBXSourcesBuildPhase section */

/* Begin PBXVariantGroup section */
		BA07E7B824BD94EA004A4001 /* Main.storyboard */ = {
			isa = PBXVariantGroup;
			children = (
				BA07E7B924BD94EA004A4001 /* Base */,
			);
			name = Main.storyboard;
			sourceTree = "<group>";
		};
		BA07E7BD24BD94EC004A4001 /* LaunchScreen.storyboard */ = {
			isa = PBXVariantGroup;
			children = (
				BA07E7BE24BD94EC004A4001 /* Base */,
			);
			name = LaunchScreen.storyboard;
			sourceTree = "<group>";
		};
/* End PBXVariantGroup section */

/* Begin XCBuildConfiguration section */
		BA07E7C124BD94EC004A4001 /* Debug */ = {
			isa = XCBuildConfiguration;
			buildSettings = {
				ALWAYS_SEARCH_USER_PATHS = NO;
				CLANG_ANALYZER_NONNULL = YES;
				CLANG_ANALYZER_NUMBER_OBJECT_CONVERSION = YES_AGGRESSIVE;
				CLANG_CXX_LANGUAGE_STANDARD = "gnu++14";
				CLANG_CXX_LIBRARY = "libc++";
				CLANG_ENABLE_MODULES = YES;
				CLANG_ENABLE_OBJC_ARC = YES;
				CLANG_ENABLE_OBJC_WEAK = YES;
				CLANG_WARN_BLOCK_CAPTURE_AUTORELEASING = YES;
				CLANG_WARN_BOOL_CONVERSION = YES;
				CLANG_WARN_COMMA = YES;
				CLANG_WARN_CONSTANT_CONVERSION = YES;
				CLANG_WARN_DEPRECATED_OBJC_IMPLEMENTATIONS = YES;
				CLANG_WARN_DIRECT_OBJC_ISA_USAGE = YES_ERROR;
				CLANG_WARN_DOCUMENTATION_COMMENTS = YES;
				CLANG_WARN_EMPTY_BODY = YES;
				CLANG_WARN_ENUM_CONVERSION = YES;
				CLANG_WARN_INFINITE_RECURSION = YES;
				CLANG_WARN_INT_CONVERSION = YES;
				CLANG_WARN_NON_LITERAL_NULL_CONVERSION = YES;
				CLANG_WARN_OBJC_IMPLICIT_RETAIN_SELF = YES;
				CLANG_WARN_OBJC_LITERAL_CONVERSION = YES;
				CLANG_WARN_OBJC_ROOT_CLASS = YES_ERROR;
				CLANG_WARN_RANGE_LOOP_ANALYSIS = YES;
				CLANG_WARN_STRICT_PROTOTYPES = YES;
				CLANG_WARN_SUSPICIOUS_MOVE = YES;
				CLANG_WARN_UNGUARDED_AVAILABILITY = YES_AGGRESSIVE;
				CLANG_WARN_UNREACHABLE_CODE = YES;
				CLANG_WARN__DUPLICATE_METHOD_MATCH = YES;
				COPY_PHASE_STRIP = NO;
				DEBUG_INFORMATION_FORMAT = dwarf;
				ENABLE_STRICT_OBJC_MSGSEND = YES;
				ENABLE_TESTABILITY = YES;
				GCC_C_LANGUAGE_STANDARD = gnu11;
				GCC_DYNAMIC_NO_PIC = NO;
				GCC_NO_COMMON_BLOCKS = YES;
				GCC_OPTIMIZATION_LEVEL = 0;
				GCC_PREPROCESSOR_DEFINITIONS = (
					"DEBUG=1",
					"$(inherited)",
				);
				GCC_WARN_64_TO_32_BIT_CONVERSION = YES;
				GCC_WARN_ABOUT_RETURN_TYPE = YES_ERROR;
				GCC_WARN_UNDECLARED_SELECTOR = YES;
				GCC_WARN_UNINITIALIZED_AUTOS = YES_AGGRESSIVE;
				GCC_WARN_UNUSED_FUNCTION = YES;
				GCC_WARN_UNUSED_VARIABLE = YES;
				IPHONEOS_DEPLOYMENT_TARGET = 13.5;
				MTL_ENABLE_DEBUG_INFO = INCLUDE_SOURCE;
				MTL_FAST_MATH = YES;
				ONLY_ACTIVE_ARCH = YES;
				SDKROOT = iphoneos;
				SWIFT_ACTIVE_COMPILATION_CONDITIONS = DEBUG;
				SWIFT_OPTIMIZATION_LEVEL = "-Onone";
			};
			name = Debug;
		};
		BA07E7C224BD94EC004A4001 /* Release */ = {
			isa = XCBuildConfiguration;
			buildSettings = {
				ALWAYS_SEARCH_USER_PATHS = NO;
				CLANG_ANALYZER_NONNULL = YES;
				CLANG_ANALYZER_NUMBER_OBJECT_CONVERSION = YES_AGGRESSIVE;
				CLANG_CXX_LANGUAGE_STANDARD = "gnu++14";
				CLANG_CXX_LIBRARY = "libc++";
				CLANG_ENABLE_MODULES = YES;
				CLANG_ENABLE_OBJC_ARC = YES;
				CLANG_ENABLE_OBJC_WEAK = YES;
				CLANG_WARN_BLOCK_CAPTURE_AUTORELEASING = YES;
				CLANG_WARN_BOOL_CONVERSION = YES;
				CLANG_WARN_COMMA = YES;
				CLANG_WARN_CONSTANT_CONVERSION = YES;
				CLANG_WARN_DEPRECATED_OBJC_IMPLEMENTATIONS = YES;
				CLANG_WARN_DIRECT_OBJC_ISA_USAGE = YES_ERROR;
				CLANG_WARN_DOCUMENTATION_COMMENTS = YES;
				CLANG_WARN_EMPTY_BODY = YES;
				CLANG_WARN_ENUM_CONVERSION = YES;
				CLANG_WARN_INFINITE_RECURSION = YES;
				CLANG_WARN_INT_CONVERSION = YES;
				CLANG_WARN_NON_LITERAL_NULL_CONVERSION = YES;
				CLANG_WARN_OBJC_IMPLICIT_RETAIN_SELF = YES;
				CLANG_WARN_OBJC_LITERAL_CONVERSION = YES;
				CLANG_WARN_OBJC_ROOT_CLASS = YES_ERROR;
				CLANG_WARN_RANGE_LOOP_ANALYSIS = YES;
				CLANG_WARN_STRICT_PROTOTYPES = YES;
				CLANG_WARN_SUSPICIOUS_MOVE = YES;
				CLANG_WARN_UNGUARDED_AVAILABILITY = YES_AGGRESSIVE;
				CLANG_WARN_UNREACHABLE_CODE = YES;
				CLANG_WARN__DUPLICATE_METHOD_MATCH = YES;
				COPY_PHASE_STRIP = NO;
				DEBUG_INFORMATION_FORMAT = "dwarf-with-dsym";
				ENABLE_NS_ASSERTIONS = NO;
				ENABLE_STRICT_OBJC_MSGSEND = YES;
				GCC_C_LANGUAGE_STANDARD = gnu11;
				GCC_NO_COMMON_BLOCKS = YES;
				GCC_WARN_64_TO_32_BIT_CONVERSION = YES;
				GCC_WARN_ABOUT_RETURN_TYPE = YES_ERROR;
				GCC_WARN_UNDECLARED_SELECTOR = YES;
				GCC_WARN_UNINITIALIZED_AUTOS = YES_AGGRESSIVE;
				GCC_WARN_UNUSED_FUNCTION = YES;
				GCC_WARN_UNUSED_VARIABLE = YES;
				IPHONEOS_DEPLOYMENT_TARGET = 13.5;
				MTL_ENABLE_DEBUG_INFO = NO;
				MTL_FAST_MATH = YES;
				SDKROOT = iphoneos;
				SWIFT_COMPILATION_MODE = wholemodule;
				SWIFT_OPTIMIZATION_LEVEL = "-O";
				VALIDATE_PRODUCT = YES;
			};
			name = Release;
		};
		BA07E7C424BD94EC004A4001 /* Debug */ = {
			isa = XCBuildConfiguration;
			buildSettings = {
				ASSETCATALOG_COMPILER_APPICON_NAME = AppIcon;
				CODE_SIGN_STYLE = Automatic;
				INFOPLIST_FILE = Project10/Info.plist;
				LD_RUNPATH_SEARCH_PATHS = (
					"$(inherited)",
					"@executable_path/Frameworks",
				);
				PRODUCT_BUNDLE_IDENTIFIER = com.EmsWidjaja.Project10;
				PRODUCT_NAME = "$(TARGET_NAME)";
				SWIFT_VERSION = 5.0;
				TARGETED_DEVICE_FAMILY = "1,2";
			};
			name = Debug;
		};
		BA07E7C524BD94EC004A4001 /* Release */ = {
			isa = XCBuildConfiguration;
			buildSettings = {
				ASSETCATALOG_COMPILER_APPICON_NAME = AppIcon;
				CODE_SIGN_STYLE = Automatic;
				INFOPLIST_FILE = Project10/Info.plist;
				LD_RUNPATH_SEARCH_PATHS = (
					"$(inherited)",
					"@executable_path/Frameworks",
				);
				PRODUCT_BUNDLE_IDENTIFIER = com.EmsWidjaja.Project10;
				PRODUCT_NAME = "$(TARGET_NAME)";
				SWIFT_VERSION = 5.0;
				TARGETED_DEVICE_FAMILY = "1,2";
			};
			name = Release;
		};
/* End XCBuildConfiguration section */

/* Begin XCConfigurationList section */
		BA07E7AA24BD94EA004A4001 /* Build configuration list for PBXProject "Project10" */ = {
			isa = XCConfigurationList;
			buildConfigurations = (
				BA07E7C124BD94EC004A4001 /* Debug */,
				BA07E7C224BD94EC004A4001 /* Release */,
			);
			defaultConfigurationIsVisible = 0;
			defaultConfigurationName = Release;
		};
		BA07E7C324BD94EC004A4001 /* Build configuration list for PBXNativeTarget "Project10" */ = {
			isa = XCConfigurationList;
			buildConfigurations = (
				BA07E7C424BD94EC004A4001 /* Debug */,
				BA07E7C524BD94EC004A4001 /* Release */,
			);
			defaultConfigurationIsVisible = 0;
			defaultConfigurationName = Release;
		};
/* End XCConfigurationList section */
	};
	rootObject = BA07E7A724BD94EA004A4001 /* Project object */;
}
